// !$*UTF8*$!
{
	archiveVersion = 1;
	classes = {
	};
	objectVersion = 46;
	objects = {

/* Begin PBXAggregateTarget section */
		3D6C017E65654CE1AADCFD42 /* ZERO_CHECK */ = {
			isa = PBXAggregateTarget;
			buildConfigurationList = 9BDE5C516D9D41CAAC55397A /* Build configuration list for PBXAggregateTarget "ZERO_CHECK" */;
			buildPhases = (
				07FAAB97E2864EBE8C575841 /* CMake Rules */,
			);
			dependencies = (
			);
			name = ZERO_CHECK;
			productName = ZERO_CHECK;
		};
		73C350471ED540D6860857CD /* ALL_BUILD */ = {
			isa = PBXAggregateTarget;
			buildConfigurationList = 826737F7A0FD41B393697E05 /* Build configuration list for PBXAggregateTarget "ALL_BUILD" */;
			buildPhases = (
				EFE80CBE13A24E8C8345E293 /* CMake Rules */,
			);
			dependencies = (
				CB86F70AA8E640069CB950A6 /* PBXTargetDependency */,
				DF6BE55FA4A1436585D1E8AD /* PBXTargetDependency */,
			);
			name = ALL_BUILD;
			productName = ALL_BUILD;
		};
/* End PBXAggregateTarget section */

/* Begin PBXBuildFile section */
		279993D298A64D8ABFCAEE9B /* tools.cpp in Sources */ = {isa = PBXBuildFile; fileRef = BBFA84A7E3B944E7B9666589 /* tools.cpp */; };
		424F026F6AEE41FDB8BD0423 /* FusionEKF.cpp in Sources */ = {isa = PBXBuildFile; fileRef = CEEFB70FE82249DBA5CA6EF5 /* FusionEKF.cpp */; };
		D577BE8C039F45DEB13822B2 /* kalman_filter.cpp in Sources */ = {isa = PBXBuildFile; fileRef = B63131B17F9F4803ACD02914 /* kalman_filter.cpp */; };
		F9CF643ED0164E599BF2D926 /* main.cpp in Sources */ = {isa = PBXBuildFile; fileRef = 6B760E42C5F44265817FA338 /* main.cpp */; };
/* End PBXBuildFile section */

/* Begin PBXContainerItemProxy section */
		00503577F1C3426EB9CDC297 /* PBXContainerItemProxy */ = {
			isa = PBXContainerItemProxy;
			containerPortal = 246F1578E6644D7C8112A664 /* Project object */;
			proxyType = 1;
			remoteGlobalIDString = 3D6C017E65654CE1AADCFD42;
			remoteInfo = ZERO_CHECK;
		};
		0C588B26D4D94A4E814E57A4 /* PBXContainerItemProxy */ = {
			isa = PBXContainerItemProxy;
			containerPortal = 246F1578E6644D7C8112A664 /* Project object */;
			proxyType = 1;
			remoteGlobalIDString = 5CBA2C60707F45E295C4C6C9;
			remoteInfo = ExtendedKF;
		};
		7B7232C32CFF42ADA062B5AE /* PBXContainerItemProxy */ = {
			isa = PBXContainerItemProxy;
			containerPortal = 246F1578E6644D7C8112A664 /* Project object */;
			proxyType = 1;
			remoteGlobalIDString = 3D6C017E65654CE1AADCFD42;
			remoteInfo = ZERO_CHECK;
		};
/* End PBXContainerItemProxy section */

/* Begin PBXFileReference section */
		0500BB584C5B429BA18AD9FE /* tools.h */ = {isa = PBXFileReference; explicitFileType = sourcecode.c.h; fileEncoding = 4; name = tools.h; path = src/tools.h; sourceTree = SOURCE_ROOT; };
		2CBF0E8F0DC44484AE64D7D3 /* FusionEKF.h */ = {isa = PBXFileReference; explicitFileType = sourcecode.c.h; fileEncoding = 4; name = FusionEKF.h; path = src/FusionEKF.h; sourceTree = SOURCE_ROOT; };
		617C263789B7466CB18C9FFB /* kalman_filter.h */ = {isa = PBXFileReference; explicitFileType = sourcecode.c.h; fileEncoding = 4; name = kalman_filter.h; path = src/kalman_filter.h; sourceTree = SOURCE_ROOT; };
		64A2485C26644DF58666DA3F /* ExtendedKF */ = {isa = PBXFileReference; explicitFileType = "compiled.mach-o.executable"; path = ExtendedKF; sourceTree = BUILT_PRODUCTS_DIR; };
		6B760E42C5F44265817FA338 /* main.cpp */ = {isa = PBXFileReference; explicitFileType = sourcecode.cpp.cpp; fileEncoding = 4; name = main.cpp; path = src/main.cpp; sourceTree = SOURCE_ROOT; };
		952A6AE715EE45E5BB9232EC /* CMakeLists.txt */ = {isa = PBXFileReference; explicitFileType = sourcecode.text; fileEncoding = 4; lastKnownFileType = text; path = CMakeLists.txt; sourceTree = SOURCE_ROOT; };
		B63131B17F9F4803ACD02914 /* kalman_filter.cpp */ = {isa = PBXFileReference; explicitFileType = sourcecode.cpp.cpp; fileEncoding = 4; name = kalman_filter.cpp; path = src/kalman_filter.cpp; sourceTree = SOURCE_ROOT; };
		BBFA84A7E3B944E7B9666589 /* tools.cpp */ = {isa = PBXFileReference; explicitFileType = sourcecode.cpp.cpp; fileEncoding = 4; name = tools.cpp; path = src/tools.cpp; sourceTree = SOURCE_ROOT; };
		CCD78406386D4AB79DEC3B60 /* CMakeLists.txt */ = {isa = PBXFileReference; explicitFileType = sourcecode.text; fileEncoding = 4; lastKnownFileType = text; path = CMakeLists.txt; sourceTree = SOURCE_ROOT; };
		CEEFB70FE82249DBA5CA6EF5 /* FusionEKF.cpp */ = {isa = PBXFileReference; explicitFileType = sourcecode.cpp.cpp; fileEncoding = 4; name = FusionEKF.cpp; path = src/FusionEKF.cpp; sourceTree = SOURCE_ROOT; };
/* End PBXFileReference section */

/* Begin PBXGroup section */
		0A6FE817F8C64D39BD684E3F /* ExtendedKF */ = {
			isa = PBXGroup;
			children = (
				48AD561932954902BE2DDEE6 /* Source Files */,
				82CDD7B638544116A374427F /* Header Files */,
				952A6AE715EE45E5BB9232EC /* CMakeLists.txt */,
			);
			name = ExtendedKF;
			sourceTree = "<group>";
		};
		2AC4A1D6CCA347BDBC233E98 = {
			isa = PBXGroup;
			children = (
				0A6FE817F8C64D39BD684E3F /* ExtendedKF */,
				53D81DBCC7D749B49B6928F6 /* ALL_BUILD */,
				9F1B6E18D2E246BEA426DEAB /* Products */,
			);
			sourceTree = "<group>";
		};
		48AD561932954902BE2DDEE6 /* Source Files */ = {
			isa = PBXGroup;
			children = (
				CEEFB70FE82249DBA5CA6EF5 /* FusionEKF.cpp */,
				B63131B17F9F4803ACD02914 /* kalman_filter.cpp */,
				6B760E42C5F44265817FA338 /* main.cpp */,
				BBFA84A7E3B944E7B9666589 /* tools.cpp */,
			);
			name = "Source Files";
			sourceTree = "<group>";
		};
		53D81DBCC7D749B49B6928F6 /* ALL_BUILD */ = {
			isa = PBXGroup;
			children = (
				B6E4F5280CD545EEAD99BDFD /* CMake Rules */,
				CCD78406386D4AB79DEC3B60 /* CMakeLists.txt */,
			);
			name = ALL_BUILD;
			sourceTree = "<group>";
		};
		82CDD7B638544116A374427F /* Header Files */ = {
			isa = PBXGroup;
			children = (
				2CBF0E8F0DC44484AE64D7D3 /* FusionEKF.h */,
				617C263789B7466CB18C9FFB /* kalman_filter.h */,
				0500BB584C5B429BA18AD9FE /* tools.h */,
			);
			name = "Header Files";
			sourceTree = "<group>";
		};
		9F1B6E18D2E246BEA426DEAB /* Products */ = {
			isa = PBXGroup;
			children = (
				64A2485C26644DF58666DA3F /* ExtendedKF */,
			);
			name = Products;
			sourceTree = "<group>";
		};
		B6E4F5280CD545EEAD99BDFD /* CMake Rules */ = {
			isa = PBXGroup;
			children = (
			);
			name = "CMake Rules";
			sourceTree = "<group>";
		};
/* End PBXGroup section */

/* Begin PBXNativeTarget section */
		5CBA2C60707F45E295C4C6C9 /* ExtendedKF */ = {
			isa = PBXNativeTarget;
			buildConfigurationList = 83B657C3EB0D41CFB9A4D061 /* Build configuration list for PBXNativeTarget "ExtendedKF" */;
			buildPhases = (
				E28F0665803541839E9B2B05 /* Sources */,
			);
			buildRules = (
			);
			dependencies = (
				D0E832A175644BD19EFE6AAD /* PBXTargetDependency */,
			);
			name = ExtendedKF;
			productName = ExtendedKF;
			productReference = 64A2485C26644DF58666DA3F /* ExtendedKF */;
			productType = "com.apple.product-type.tool";
		};
/* End PBXNativeTarget section */

/* Begin PBXProject section */
		246F1578E6644D7C8112A664 /* Project object */ = {
			isa = PBXProject;
			attributes = {
				BuildIndependentTargetsInParallel = YES;
				LastUpgradeCheck = 0940;
			};
			buildConfigurationList = 691F06A45CB84434842F717F /* Build configuration list for PBXProject "ExtendedKF" */;
			compatibilityVersion = "Xcode 3.2";
			developmentRegion = en;
			hasScannedForEncodings = 0;
			knownRegions = (
				en,
			);
			mainGroup = 2AC4A1D6CCA347BDBC233E98;
			projectDirPath = ../../;
			projectRoot = "";
			targets = (
				73C350471ED540D6860857CD /* ALL_BUILD */,
				5CBA2C60707F45E295C4C6C9 /* ExtendedKF */,
				3D6C017E65654CE1AADCFD42 /* ZERO_CHECK */,
			);
		};
/* End PBXProject section */

/* Begin PBXShellScriptBuildPhase section */
		07FAAB97E2864EBE8C575841 /* CMake Rules */ = {
			isa = PBXShellScriptBuildPhase;
			buildActionMask = 2147483647;
			files = (
			);
			name = "CMake Rules";
			runOnlyForDeploymentPostprocessing = 0;
			shellPath = /bin/sh;
			shellScript = "make -C /Users/bajrangchapola/Dev/Udacity/term2/CarND-Extended-Kalman-Filter-Project-master/ide_profiles/xcode -f /Users/bajrangchapola/Dev/Udacity/term2/CarND-Extended-Kalman-Filter-Project-master/ide_profiles/xcode/CMakeScripts/ZERO_CHECK_cmakeRulesBuildPhase.make$CONFIGURATION all";
			showEnvVarsInLog = 0;
		};
		EFE80CBE13A24E8C8345E293 /* CMake Rules */ = {
			isa = PBXShellScriptBuildPhase;
			buildActionMask = 2147483647;
			files = (
			);
			name = "CMake Rules";
			runOnlyForDeploymentPostprocessing = 0;
			shellPath = /bin/sh;
			shellScript = "make -C /Users/bajrangchapola/Dev/Udacity/term2/CarND-Extended-Kalman-Filter-Project-master/ide_profiles/xcode -f /Users/bajrangchapola/Dev/Udacity/term2/CarND-Extended-Kalman-Filter-Project-master/ide_profiles/xcode/CMakeScripts/ALL_BUILD_cmakeRulesBuildPhase.make$CONFIGURATION all";
			showEnvVarsInLog = 0;
		};
/* End PBXShellScriptBuildPhase section */

/* Begin PBXSourcesBuildPhase section */
		E28F0665803541839E9B2B05 /* Sources */ = {
			isa = PBXSourcesBuildPhase;
			buildActionMask = 2147483647;
			files = (
				424F026F6AEE41FDB8BD0423 /* FusionEKF.cpp in Sources */,
				D577BE8C039F45DEB13822B2 /* kalman_filter.cpp in Sources */,
				F9CF643ED0164E599BF2D926 /* main.cpp in Sources */,
				279993D298A64D8ABFCAEE9B /* tools.cpp in Sources */,
			);
			runOnlyForDeploymentPostprocessing = 0;
		};
/* End PBXSourcesBuildPhase section */

/* Begin PBXTargetDependency section */
		CB86F70AA8E640069CB950A6 /* PBXTargetDependency */ = {
			isa = PBXTargetDependency;
			target = 3D6C017E65654CE1AADCFD42 /* ZERO_CHECK */;
			targetProxy = 00503577F1C3426EB9CDC297 /* PBXContainerItemProxy */;
		};
		D0E832A175644BD19EFE6AAD /* PBXTargetDependency */ = {
			isa = PBXTargetDependency;
			target = 3D6C017E65654CE1AADCFD42 /* ZERO_CHECK */;
			targetProxy = 7B7232C32CFF42ADA062B5AE /* PBXContainerItemProxy */;
		};
		DF6BE55FA4A1436585D1E8AD /* PBXTargetDependency */ = {
			isa = PBXTargetDependency;
			target = 5CBA2C60707F45E295C4C6C9 /* ExtendedKF */;
			targetProxy = 0C588B26D4D94A4E814E57A4 /* PBXContainerItemProxy */;
		};
/* End PBXTargetDependency section */

/* Begin XCBuildConfiguration section */
		00B7F080C42A40B9ADA10F87 /* MinSizeRel */ = {
			isa = XCBuildConfiguration;
			buildSettings = {
				COMBINE_HIDPI_IMAGES = YES;
				EXECUTABLE_PREFIX = "";
				EXECUTABLE_SUFFIX = "";
				GCC_GENERATE_DEBUGGING_SYMBOLS = NO;
				GCC_INLINES_ARE_PRIVATE_EXTERN = NO;
				GCC_OPTIMIZATION_LEVEL = s;
				GCC_PREPROCESSOR_DEFINITIONS = "'CMAKE_INTDIR=\"$(CONFIGURATION)$(EFFECTIVE_PLATFORM_NAME)\"'";
				GCC_SYMBOLS_PRIVATE_EXTERN = NO;
				HEADER_SEARCH_PATHS = (
					/usr/local/include,
					/usr/local/opt/openssl/include,
				);
				INSTALL_PATH = "";
				LD_RUNPATH_SEARCH_PATHS = "/usr/local/lib /usr/local/opt/openssl/lib /usr/local/Cellar/libuv/1*/lib";
				LIBRARY_SEARCH_PATHS = (
					"/usr/local/lib/$(CONFIGURATION)$(EFFECTIVE_PLATFORM_NAME)",
					/usr/local/lib,
					"/usr/local/opt/openssl/lib/$(CONFIGURATION)$(EFFECTIVE_PLATFORM_NAME)",
					/usr/local/opt/openssl/lib,
					"/usr/local/Cellar/libuv/1*/lib/$(CONFIGURATION)$(EFFECTIVE_PLATFORM_NAME)",
					"/usr/local/Cellar/libuv/1*/lib",
				);
				OTHER_CPLUSPLUSFLAGS = (
					"-Wall",
					"-DNDEBUG",
					"-std=c++11",
				);
				OTHER_LDFLAGS = (
					"-Wl,-search_paths_first",
					"-Wl,-headerpad_max_install_names",
					"-lz",
					"-lssl",
					"-luv",
					"-luWS",
				);
				OTHER_REZFLAGS = "";
				PRODUCT_NAME = ExtendedKF;
				SECTORDER_FLAGS = "";
				SYMROOT = "/Users/bajrangchapola/Dev/Udacity/term2/CarND-Extended-Kalman-Filter-Project-master/ide_profiles/xcode";
				USE_HEADERMAP = NO;
				WARNING_CFLAGS = (
					"-Wmost",
					"-Wno-four-char-constants",
					"-Wno-unknown-pragmas",
					"$(inherited)",
				);
			};
			name = MinSizeRel;
		};
		0A63E55491A549B98BA55997 /* RelWithDebInfo */ = {
			isa = XCBuildConfiguration;
			buildSettings = {
				ONLY_ACTIVE_ARCH = YES;
				SDKROOT = /Applications/Xcode.app/Contents/Developer/Platforms/MacOSX.platform/Developer/SDKs/MacOSX10.13.sdk;
				SYMROOT = "/Users/bajrangchapola/Dev/Udacity/term2/CarND-Extended-Kalman-Filter-Project-master/ide_profiles/xcode/build";
			};
			name = RelWithDebInfo;
		};
		191C3A49DC0A468B9B4BE7BF /* RelWithDebInfo */ = {
			isa = XCBuildConfiguration;
			buildSettings = {
				COMBINE_HIDPI_IMAGES = YES;
				EXECUTABLE_PREFIX = "";
				EXECUTABLE_SUFFIX = "";
				GCC_GENERATE_DEBUGGING_SYMBOLS = YES;
				GCC_INLINES_ARE_PRIVATE_EXTERN = NO;
				GCC_OPTIMIZATION_LEVEL = 2;
				GCC_PREPROCESSOR_DEFINITIONS = "'CMAKE_INTDIR=\"$(CONFIGURATION)$(EFFECTIVE_PLATFORM_NAME)\"'";
				GCC_SYMBOLS_PRIVATE_EXTERN = NO;
				HEADER_SEARCH_PATHS = (
					/usr/local/include,
					/usr/local/opt/openssl/include,
				);
				INSTALL_PATH = "";
				LD_RUNPATH_SEARCH_PATHS = "/usr/local/lib /usr/local/opt/openssl/lib /usr/local/Cellar/libuv/1*/lib";
				LIBRARY_SEARCH_PATHS = (
					"/usr/local/lib/$(CONFIGURATION)$(EFFECTIVE_PLATFORM_NAME)",
					/usr/local/lib,
					"/usr/local/opt/openssl/lib/$(CONFIGURATION)$(EFFECTIVE_PLATFORM_NAME)",
					/usr/local/opt/openssl/lib,
					"/usr/local/Cellar/libuv/1*/lib/$(CONFIGURATION)$(EFFECTIVE_PLATFORM_NAME)",
					"/usr/local/Cellar/libuv/1*/lib",
				);
				OTHER_CPLUSPLUSFLAGS = (
					"-Wall",
					"-DNDEBUG",
					"-std=c++11",
				);
				OTHER_LDFLAGS = (
					"-Wl,-search_paths_first",
					"-Wl,-headerpad_max_install_names",
					"-lz",
					"-lssl",
					"-luv",
					"-luWS",
				);
				OTHER_REZFLAGS = "";
				PRODUCT_NAME = ExtendedKF;
				SECTORDER_FLAGS = "";
				SYMROOT = "/Users/bajrangchapola/Dev/Udacity/term2/CarND-Extended-Kalman-Filter-Project-master/ide_profiles/xcode";
				USE_HEADERMAP = NO;
				WARNING_CFLAGS = (
					"-Wmost",
					"-Wno-four-char-constants",
					"-Wno-unknown-pragmas",
					"$(inherited)",
				);
			};
			name = RelWithDebInfo;
		};
		1FF57457F9B0449DA7A4D5CF /* Debug */ = {
			isa = XCBuildConfiguration;
			buildSettings = {
				COMBINE_HIDPI_IMAGES = YES;
				EXECUTABLE_PREFIX = "";
				EXECUTABLE_SUFFIX = "";
				GCC_GENERATE_DEBUGGING_SYMBOLS = YES;
				GCC_INLINES_ARE_PRIVATE_EXTERN = NO;
				GCC_OPTIMIZATION_LEVEL = 0;
				GCC_PREPROCESSOR_DEFINITIONS = "'CMAKE_INTDIR=\"$(CONFIGURATION)$(EFFECTIVE_PLATFORM_NAME)\"'";
				GCC_SYMBOLS_PRIVATE_EXTERN = NO;
				HEADER_SEARCH_PATHS = (
					/usr/local/include,
					/usr/local/opt/openssl/include,
				);
				INSTALL_PATH = "";
				LD_RUNPATH_SEARCH_PATHS = "/usr/local/lib /usr/local/opt/openssl/lib /usr/local/Cellar/libuv/1*/lib";
				LIBRARY_SEARCH_PATHS = (
					"/usr/local/lib/$(CONFIGURATION)$(EFFECTIVE_PLATFORM_NAME)",
					/usr/local/lib,
					"/usr/local/opt/openssl/lib/$(CONFIGURATION)$(EFFECTIVE_PLATFORM_NAME)",
					/usr/local/opt/openssl/lib,
					"/usr/local/Cellar/libuv/1*/lib/$(CONFIGURATION)$(EFFECTIVE_PLATFORM_NAME)",
					"/usr/local/Cellar/libuv/1*/lib",
				);
				OTHER_CPLUSPLUSFLAGS = (
					"-Wall",
					"-std=c++11",
				);
				OTHER_LDFLAGS = (
					"-Wl,-search_paths_first",
					"-Wl,-headerpad_max_install_names",
					"-lz",
					"-lssl",
					"-luv",
					"-luWS",
				);
				OTHER_REZFLAGS = "";
				PRODUCT_NAME = ExtendedKF;
				SECTORDER_FLAGS = "";
				SYMROOT = "/Users/bajrangchapola/Dev/Udacity/term2/CarND-Extended-Kalman-Filter-Project-master/ide_profiles/xcode";
				USE_HEADERMAP = NO;
				WARNING_CFLAGS = (
					"-Wmost",
					"-Wno-four-char-constants",
					"-Wno-unknown-pragmas",
					"$(inherited)",
				);
			};
			name = Debug;
		};
		31EE42A8D8A44FCC82BB3D0D /* Release */ = {
			isa = XCBuildConfiguration;
			buildSettings = {
				ONLY_ACTIVE_ARCH = YES;
				SDKROOT = /Applications/Xcode.app/Contents/Developer/Platforms/MacOSX.platform/Developer/SDKs/MacOSX10.13.sdk;
				SYMROOT = "/Users/bajrangchapola/Dev/Udacity/term2/CarND-Extended-Kalman-Filter-Project-master/ide_profiles/xcode/build";
			};
			name = Release;
		};
		4980FDEB54F340A08E19EDF0 /* Debug */ = {
			isa = XCBuildConfiguration;
			buildSettings = {
				COMBINE_HIDPI_IMAGES = YES;
				COPY_HEADERS_RUN_UNIFDEF = YES;
				GCC_GENERATE_DEBUGGING_SYMBOLS = YES;
				GCC_INLINES_ARE_PRIVATE_EXTERN = NO;
				GCC_OPTIMIZATION_LEVEL = 0;
				GCC_PREPROCESSOR_DEFINITIONS = "'CMAKE_INTDIR=\"$(CONFIGURATION)$(EFFECTIVE_PLATFORM_NAME)\"'";
				GCC_SYMBOLS_PRIVATE_EXTERN = NO;
				INSTALL_PATH = "";
				OTHER_LDFLAGS = " ";
				OTHER_REZFLAGS = "";
				PRODUCT_NAME = ALL_BUILD;
				SECTORDER_FLAGS = "";
				SYMROOT = "/Users/bajrangchapola/Dev/Udacity/term2/CarND-Extended-Kalman-Filter-Project-master/ide_profiles/xcode";
				USE_HEADERMAP = NO;
				WARNING_CFLAGS = (
					"-Wmost",
					"-Wno-four-char-constants",
					"-Wno-unknown-pragmas",
					"$(inherited)",
				);
			};
			name = Debug;
		};
		4E31A448270E4FFD8ECC4F8B /* MinSizeRel */ = {
			isa = XCBuildConfiguration;
			buildSettings = {
				COMBINE_HIDPI_IMAGES = YES;
				COPY_HEADERS_RUN_UNIFDEF = YES;
				GCC_GENERATE_DEBUGGING_SYMBOLS = YES;
				GCC_INLINES_ARE_PRIVATE_EXTERN = NO;
				GCC_OPTIMIZATION_LEVEL = 0;
				GCC_PREPROCESSOR_DEFINITIONS = "'CMAKE_INTDIR=\"$(CONFIGURATION)$(EFFECTIVE_PLATFORM_NAME)\"'";
				GCC_SYMBOLS_PRIVATE_EXTERN = NO;
				INSTALL_PATH = "";
				OTHER_LDFLAGS = " ";
				OTHER_REZFLAGS = "";
				PRODUCT_NAME = ALL_BUILD;
				SECTORDER_FLAGS = "";
				SYMROOT = "/Users/bajrangchapola/Dev/Udacity/term2/CarND-Extended-Kalman-Filter-Project-master/ide_profiles/xcode";
				USE_HEADERMAP = NO;
				WARNING_CFLAGS = (
					"-Wmost",
					"-Wno-four-char-constants",
					"-Wno-unknown-pragmas",
					"$(inherited)",
				);
			};
			name = MinSizeRel;
		};
		51529F9518D945C09A7354AB /* Debug */ = {
			isa = XCBuildConfiguration;
			buildSettings = {
				COMBINE_HIDPI_IMAGES = YES;
				GCC_GENERATE_DEBUGGING_SYMBOLS = YES;
				GCC_INLINES_ARE_PRIVATE_EXTERN = NO;
				GCC_OPTIMIZATION_LEVEL = 0;
				GCC_PREPROCESSOR_DEFINITIONS = "'CMAKE_INTDIR=\"$(CONFIGURATION)$(EFFECTIVE_PLATFORM_NAME)\"'";
				GCC_SYMBOLS_PRIVATE_EXTERN = NO;
				INSTALL_PATH = "";
				OTHER_LDFLAGS = " ";
				OTHER_REZFLAGS = "";
				PRODUCT_NAME = ZERO_CHECK;
				SECTORDER_FLAGS = "";
				SYMROOT = "/Users/bajrangchapola/Dev/Udacity/term2/CarND-Extended-Kalman-Filter-Project-master/ide_profiles/xcode";
				USE_HEADERMAP = NO;
				WARNING_CFLAGS = (
					"-Wmost",
					"-Wno-four-char-constants",
					"-Wno-unknown-pragmas",
					"$(inherited)",
				);
			};
			name = Debug;
		};
		602B5B1960A441399149045E /* Release */ = {
			isa = XCBuildConfiguration;
			buildSettings = {
				COMBINE_HIDPI_IMAGES = YES;
				GCC_GENERATE_DEBUGGING_SYMBOLS = YES;
				GCC_INLINES_ARE_PRIVATE_EXTERN = NO;
				GCC_OPTIMIZATION_LEVEL = 0;
				GCC_PREPROCESSOR_DEFINITIONS = "'CMAKE_INTDIR=\"$(CONFIGURATION)$(EFFECTIVE_PLATFORM_NAME)\"'";
				GCC_SYMBOLS_PRIVATE_EXTERN = NO;
				INSTALL_PATH = "";
				OTHER_LDFLAGS = " ";
				OTHER_REZFLAGS = "";
				PRODUCT_NAME = ZERO_CHECK;
				SECTORDER_FLAGS = "";
				SYMROOT = "/Users/bajrangchapola/Dev/Udacity/term2/CarND-Extended-Kalman-Filter-Project-master/ide_profiles/xcode";
				USE_HEADERMAP = NO;
				WARNING_CFLAGS = (
					"-Wmost",
					"-Wno-four-char-constants",
					"-Wno-unknown-pragmas",
					"$(inherited)",
				);
			};
			name = Release;
		};
		7757A524E9C84E2CA6C65B9C /* Debug */ = {
			isa = XCBuildConfiguration;
			buildSettings = {
				ONLY_ACTIVE_ARCH = YES;
				SDKROOT = /Applications/Xcode.app/Contents/Developer/Platforms/MacOSX.platform/Developer/SDKs/MacOSX10.13.sdk;
				SYMROOT = "/Users/bajrangchapola/Dev/Udacity/term2/CarND-Extended-Kalman-Filter-Project-master/ide_profiles/xcode/build";
			};
			name = Debug;
		};
		B7AA192597F3433F99F2D710 /* MinSizeRel */ = {
			isa = XCBuildConfiguration;
			buildSettings = {
				ONLY_ACTIVE_ARCH = YES;
				SDKROOT = /Applications/Xcode.app/Contents/Developer/Platforms/MacOSX.platform/Developer/SDKs/MacOSX10.13.sdk;
				SYMROOT = "/Users/bajrangchapola/Dev/Udacity/term2/CarND-Extended-Kalman-Filter-Project-master/ide_profiles/xcode/build";
			};
			name = MinSizeRel;
		};
		BF6D18ABB22C49478EC9FA80 /* RelWithDebInfo */ = {
			isa = XCBuildConfiguration;
			buildSettings = {
				COMBINE_HIDPI_IMAGES = YES;
				GCC_GENERATE_DEBUGGING_SYMBOLS = YES;
				GCC_INLINES_ARE_PRIVATE_EXTERN = NO;
				GCC_OPTIMIZATION_LEVEL = 0;
				GCC_PREPROCESSOR_DEFINITIONS = "'CMAKE_INTDIR=\"$(CONFIGURATION)$(EFFECTIVE_PLATFORM_NAME)\"'";
				GCC_SYMBOLS_PRIVATE_EXTERN = NO;
				INSTALL_PATH = "";
				OTHER_LDFLAGS = " ";
				OTHER_REZFLAGS = "";
				PRODUCT_NAME = ZERO_CHECK;
				SECTORDER_FLAGS = "";
				SYMROOT = "/Users/bajrangchapola/Dev/Udacity/term2/CarND-Extended-Kalman-Filter-Project-master/ide_profiles/xcode";
				USE_HEADERMAP = NO;
				WARNING_CFLAGS = (
					"-Wmost",
					"-Wno-four-char-constants",
					"-Wno-unknown-pragmas",
					"$(inherited)",
				);
			};
			name = RelWithDebInfo;
		};
		C533B0F8BDF347F5A7BE61B2 /* Release */ = {
			isa = XCBuildConfiguration;
			buildSettings = {
				COMBINE_HIDPI_IMAGES = YES;
				COPY_HEADERS_RUN_UNIFDEF = YES;
				GCC_GENERATE_DEBUGGING_SYMBOLS = YES;
				GCC_INLINES_ARE_PRIVATE_EXTERN = NO;
				GCC_OPTIMIZATION_LEVEL = 0;
				GCC_PREPROCESSOR_DEFINITIONS = "'CMAKE_INTDIR=\"$(CONFIGURATION)$(EFFECTIVE_PLATFORM_NAME)\"'";
				GCC_SYMBOLS_PRIVATE_EXTERN = NO;
				"HEADER_SEARCH_PATHS[arch=*]" = "/usr/loca/inclue/*";
				INSTALL_PATH = "";
				OTHER_LDFLAGS = " ";
				OTHER_REZFLAGS = "";
				PRODUCT_NAME = ALL_BUILD;
				SECTORDER_FLAGS = "";
				SYMROOT = "/Users/bajrangchapola/Dev/Udacity/term2/CarND-Extended-Kalman-Filter-Project-master/ide_profiles/xcode";
				USE_HEADERMAP = NO;
				WARNING_CFLAGS = (
					"-Wmost",
					"-Wno-four-char-constants",
					"-Wno-unknown-pragmas",
					"$(inherited)",
				);
			};
			name = Release;
		};
		E399BCBB7C90484EB16DDBA4 /* RelWithDebInfo */ = {
			isa = XCBuildConfiguration;
			buildSettings = {
				COMBINE_HIDPI_IMAGES = YES;
				COPY_HEADERS_RUN_UNIFDEF = YES;
				GCC_GENERATE_DEBUGGING_SYMBOLS = YES;
				GCC_INLINES_ARE_PRIVATE_EXTERN = NO;
				GCC_OPTIMIZATION_LEVEL = 0;
				GCC_PREPROCESSOR_DEFINITIONS = "'CMAKE_INTDIR=\"$(CONFIGURATION)$(EFFECTIVE_PLATFORM_NAME)\"'";
				GCC_SYMBOLS_PRIVATE_EXTERN = NO;
				INSTALL_PATH = "";
				OTHER_LDFLAGS = " ";
				OTHER_REZFLAGS = "";
				PRODUCT_NAME = ALL_BUILD;
				SECTORDER_FLAGS = "";
				SYMROOT = "/Users/bajrangchapola/Dev/Udacity/term2/CarND-Extended-Kalman-Filter-Project-master/ide_profiles/xcode";
				USE_HEADERMAP = NO;
				WARNING_CFLAGS = (
					"-Wmost",
					"-Wno-four-char-constants",
					"-Wno-unknown-pragmas",
					"$(inherited)",
				);
			};
			name = RelWithDebInfo;
		};
		FA5DBF5F31D04B5FB606FE47 /* MinSizeRel */ = {
			isa = XCBuildConfiguration;
			buildSettings = {
				COMBINE_HIDPI_IMAGES = YES;
				GCC_GENERATE_DEBUGGING_SYMBOLS = YES;
				GCC_INLINES_ARE_PRIVATE_EXTERN = NO;
				GCC_OPTIMIZATION_LEVEL = 0;
				GCC_PREPROCESSOR_DEFINITIONS = "'CMAKE_INTDIR=\"$(CONFIGURATION)$(EFFECTIVE_PLATFORM_NAME)\"'";
				GCC_SYMBOLS_PRIVATE_EXTERN = NO;
				INSTALL_PATH = "";
				OTHER_LDFLAGS = " ";
				OTHER_REZFLAGS = "";
				PRODUCT_NAME = ZERO_CHECK;
				SECTORDER_FLAGS = "";
				SYMROOT = "/Users/bajrangchapola/Dev/Udacity/term2/CarND-Extended-Kalman-Filter-Project-master/ide_profiles/xcode";
				USE_HEADERMAP = NO;
				WARNING_CFLAGS = (
					"-Wmost",
					"-Wno-four-char-constants",
					"-Wno-unknown-pragmas",
					"$(inherited)",
				);
			};
			name = MinSizeRel;
		};
		FB553AF3F7784F08BFE0FB10 /* Release */ = {
			isa = XCBuildConfiguration;
			buildSettings = {
				COMBINE_HIDPI_IMAGES = YES;
				EXECUTABLE_PREFIX = "";
				EXECUTABLE_SUFFIX = "";
				GCC_GENERATE_DEBUGGING_SYMBOLS = NO;
				GCC_INLINES_ARE_PRIVATE_EXTERN = NO;
				GCC_OPTIMIZATION_LEVEL = 3;
				GCC_PREPROCESSOR_DEFINITIONS = "'CMAKE_INTDIR=\"$(CONFIGURATION)$(EFFECTIVE_PLATFORM_NAME)\"'";
				GCC_SYMBOLS_PRIVATE_EXTERN = NO;
				HEADER_SEARCH_PATHS = (
					/usr/local/include,
					/usr/local/opt/openssl/include,
				);
				INSTALL_PATH = "";
				LD_RUNPATH_SEARCH_PATHS = "/usr/local/lib /usr/local/opt/openssl/lib /usr/local/Cellar/libuv/1*/lib";
				LIBRARY_SEARCH_PATHS = (
					"/usr/local/lib/$(CONFIGURATION)$(EFFECTIVE_PLATFORM_NAME)",
					/usr/local/lib,
					"/usr/local/opt/openssl/lib/$(CONFIGURATION)$(EFFECTIVE_PLATFORM_NAME)",
					/usr/local/opt/openssl/lib,
					"/usr/local/Cellar/libuv/1*/lib/$(CONFIGURATION)$(EFFECTIVE_PLATFORM_NAME)",
					"/usr/local/Cellar/libuv/1*/lib",
				);
				OTHER_CPLUSPLUSFLAGS = (
					"-Wall",
					"-DNDEBUG",
					"-std=c++11",
				);
				OTHER_LDFLAGS = (
					"-Wl,-search_paths_first",
					"-Wl,-headerpad_max_install_names",
					"-lz",
					"-lssl",
					"-luv",
					"-luWS",
				);
				OTHER_REZFLAGS = "";
				PRODUCT_NAME = ExtendedKF;
				SECTORDER_FLAGS = "";
				SYMROOT = "/Users/bajrangchapola/Dev/Udacity/term2/CarND-Extended-Kalman-Filter-Project-master/ide_profiles/xcode";
				USE_HEADERMAP = NO;
				WARNING_CFLAGS = (
					"-Wmost",
					"-Wno-four-char-constants",
					"-Wno-unknown-pragmas",
					"$(inherited)",
				);
			};
			name = Release;
		};
/* End XCBuildConfiguration section */

/* Begin XCConfigurationList section */
		691F06A45CB84434842F717F /* Build configuration list for PBXProject "ExtendedKF" */ = {
			isa = XCConfigurationList;
			buildConfigurations = (
				7757A524E9C84E2CA6C65B9C /* Debug */,
				31EE42A8D8A44FCC82BB3D0D /* Release */,
				B7AA192597F3433F99F2D710 /* MinSizeRel */,
				0A63E55491A549B98BA55997 /* RelWithDebInfo */,
			);
			defaultConfigurationIsVisible = 0;
			defaultConfigurationName = Debug;
		};
		826737F7A0FD41B393697E05 /* Build configuration list for PBXAggregateTarget "ALL_BUILD" */ = {
			isa = XCConfigurationList;
			buildConfigurations = (
				4980FDEB54F340A08E19EDF0 /* Debug */,
				C533B0F8BDF347F5A7BE61B2 /* Release */,
				4E31A448270E4FFD8ECC4F8B /* MinSizeRel */,
				E399BCBB7C90484EB16DDBA4 /* RelWithDebInfo */,
			);
			defaultConfigurationIsVisible = 0;
			defaultConfigurationName = Debug;
		};
		83B657C3EB0D41CFB9A4D061 /* Build configuration list for PBXNativeTarget "ExtendedKF" */ = {
			isa = XCConfigurationList;
			buildConfigurations = (
				1FF57457F9B0449DA7A4D5CF /* Debug */,
				FB553AF3F7784F08BFE0FB10 /* Release */,
				00B7F080C42A40B9ADA10F87 /* MinSizeRel */,
				191C3A49DC0A468B9B4BE7BF /* RelWithDebInfo */,
			);
			defaultConfigurationIsVisible = 0;
			defaultConfigurationName = Debug;
		};
		9BDE5C516D9D41CAAC55397A /* Build configuration list for PBXAggregateTarget "ZERO_CHECK" */ = {
			isa = XCConfigurationList;
			buildConfigurations = (
				51529F9518D945C09A7354AB /* Debug */,
				602B5B1960A441399149045E /* Release */,
				FA5DBF5F31D04B5FB606FE47 /* MinSizeRel */,
				BF6D18ABB22C49478EC9FA80 /* RelWithDebInfo */,
			);
			defaultConfigurationIsVisible = 0;
			defaultConfigurationName = Debug;
		};
/* End XCConfigurationList section */
	};
	rootObject = 246F1578E6644D7C8112A664 /* Project object */;
}
